<?xml version="1.0" encoding="utf-8"?>
<Project ToolsVersion="4.0" xmlns="http://schemas.microsoft.com/developer/msbuild/2003">
  <ItemGroup>
    <Filter Include="Source Files">
      <UniqueIdentifier>{4FC737F1-C7A5-4376-A066-2A32D752A2FF}</UniqueIdentifier>
      <Extensions>cpp;c;cc;cxx;c++;cppm;ixx;def;odl;idl;hpj;bat;asm;asmx</Extensions>
    </Filter>
    <Filter Include="Header Files">
      <UniqueIdentifier>{93995380-89BD-4b04-88EB-625FBE52EBFB}</UniqueIdentifier>
      <Extensions>h;hh;hpp;hxx;h++;hm;inl;inc;ipp;xsd</Extensions>
    </Filter>
    <Filter Include="Resource Files">
      <UniqueIdentifier>{67DA6AB6-F800-4c08-8B7A-83BB121AAD01}</UniqueIdentifier>
      <Extensions>rc;ico;cur;bmp;dlg;rc2;rct;bin;rgs;gif;jpg;jpeg;jpe;resx;tiff;tif;png;wav;mfcribbon-ms</Extensions>
    </Filter>
    <Filter Include="Source Files\Pybind11Module">
      <UniqueIdentifier>{14d46d8f-c259-443a-b6a8-2a2699dcd786}</UniqueIdentifier>
    </Filter>
    <Filter Include="Source Files\AppLogic">
      <UniqueIdentifier>{4a06064d-f568-4092-beb0-73140d115c5b}</UniqueIdentifier>
    </Filter>
    <Filter Include="Source Files\Database">
      <UniqueIdentifier>{becc7235-6804-4a0a-96c2-f053a8617392}</UniqueIdentifier>
    </Filter>
  </ItemGroup>
  <ItemGroup>
    <ClCompile Include="Pybind11Module.cpp">
      <Filter>Source Files\Pybind11Module</Filter>
    </ClCompile>
    <ClCompile Include="DatabaseManager.cpp">
      <Filter>Source Files\Database</Filter>
    </ClCompile>
    <ClCompile Include="UserFunctional.cpp">
      <Filter>Source Files\AppLogic</Filter>
    </ClCompile>
    <ClCompile Include="BankCard.cpp">
      <Filter>Source Files\AppLogic</Filter>
    </ClCompile>
    <ClCompile Include="BankTransaction.cpp">
      <Filter>Source Files\AppLogic</Filter>
    </ClCompile>
  </ItemGroup>
  <ItemGroup>
    <ClInclude Include="SQLite\sqlite3.h">
      <Filter>Header Files</Filter>
    </ClInclude>
    <ClInclude Include="User.h">
      <Filter>Header Files</Filter>
    </ClInclude>
    <ClInclude Include="DatabaseManager.h">
      <Filter>Header Files</Filter>
    </ClInclude>
    <ClInclude Include="BankCard.h">
      <Filter>Header Files</Filter>
    </ClInclude>
    <ClInclude Include="UniversalCard.h">
      <Filter>Header Files</Filter>
    </ClInclude>
    <ClInclude Include="JuniorCard.h">
      <Filter>Header Files</Filter>
    </ClInclude>
    <ClInclude Include="BusinessCard.h">
      <Filter>Header Files</Filter>
    </ClInclude>
    <ClInclude Include="BankTransaction.h">
      <Filter>Header Files</Filter>
    </ClInclude>
  </ItemGroup>
</Project>